
Microsoft Visual Studio Solution File, Format Version 12.00
# Visual Studio Version 17
VisualStudioVersion = 17.4.33213.308
MinimumVisualStudioVersion = 10.0.40219.1
Project("{FAE04EC0-301F-11D3-BF4B-00C04F79EFBC}") = "NowySwiatStatsPlot", "NowySwiatStatsPlot.csproj", "{8AEE0709-7E0E-4C57-B532-509A4F943E48}"
EndProject
Global
	GlobalSection(SolutionConfigurationPlatforms) = preSolution
		Debug|Any CPU = Debug|Any CPU
		Release|Any CPU = Release|Any CPU
	EndGlobalSection
	GlobalSection(ProjectConfigurationPlatforms) = postSolution
		{8AEE0709-7E0E-4C57-B532-509A4F943E48}.Debug|Any CPU.ActiveCfg = Debug|Any CPU
		{8AEE0709-7E0E-4C57-B532-509A4F943E48}.Debug|Any CPU.Build.0 = Debug|Any CPU
		{8AEE0709-7E0E-4C57-B532-509A4F943E48}.Release|Any CPU.ActiveCfg = Release|Any CPU
		{8AEE0709-7E0E-4C57-B532-509A4F943E48}.Release|Any CPU.Build.0 = Release|Any CPU
	EndGlobalSection
	GlobalSection(SolutionProperties) = preSolution
		HideSolutionNode = FALSE
	EndGlobalSection
	GlobalSection(ExtensibilityGlobals) = postSolution
		SolutionGuid = {4779785B-A5C8-4950-B4ED-67378138B241}
	EndGlobalSection
EndGlobal
